
Microsoft Visual Studio Solution File, Format Version 12.00
# Visual Studio Version 16
VisualStudioVersion = 16.0.31729.503
MinimumVisualStudioVersion = 10.0.40219.1
Project("{FAE04EC0-301F-11D3-BF4B-00C04F79EFBC}") = "Recursion Test", "Recursion Test\Recursion Test.csproj", "{17EB431B-0D70-4A5A-A554-40978A9FAE8C}"
EndProject
Global
	GlobalSection(SolutionConfigurationPlatforms) = preSolution
		Debug|Any CPU = Debug|Any CPU
		Release|Any CPU = Release|Any CPU
	EndGlobalSection
	GlobalSection(ProjectConfigurationPlatforms) = postSolution
		{17EB431B-0D70-4A5A-A554-40978A9FAE8C}.Debug|Any CPU.ActiveCfg = Debug|Any CPU
		{17EB431B-0D70-4A5A-A554-40978A9FAE8C}.Debug|Any CPU.Build.0 = Debug|Any CPU
		{17EB431B-0D70-4A5A-A554-40978A9FAE8C}.Release|Any CPU.ActiveCfg = Release|Any CPU
		{17EB431B-0D70-4A5A-A554-40978A9FAE8C}.Release|Any CPU.Build.0 = Release|Any CPU
	EndGlobalSection
	GlobalSection(SolutionProperties) = preSolution
		HideSolutionNode = FALSE
	EndGlobalSection
	GlobalSection(ExtensibilityGlobals) = postSolution
		SolutionGuid = {6877A060-343B-4F2D-929E-4A22F144D5B4}
	EndGlobalSection
EndGlobal
